{
    "_readme": [
        "This file locks the dependencies of your project to a known state",
        "Read more about it at https://getcomposer.org/doc/01-basic-usage.md#installing-dependencies",
        "This file is @generated automatically"
    ],
    "content-hash": "a0e3f6fca4a16726aec1495fd5adde61",
    "packages": [],
    "packages-dev": [
        {
            "name": "adhocore/cli",
            "version": "v1.7.1",
            "source": {
                "type": "git",
                "url": "https://github.com/adhocore/php-cli.git",
                "reference": "3fde60a838912e71c82ed0f48048685dc32dbc77"
            },
            "dist": {
                "type": "zip",
                "url": "https://api.github.com/repos/adhocore/php-cli/zipball/3fde60a838912e71c82ed0f48048685dc32dbc77",
                "reference": "3fde60a838912e71c82ed0f48048685dc32dbc77",
                "shasum": ""
            },
            "require": {
                "php": ">=8.0"
            },
            "require-dev": {
                "phpunit/phpunit": "^9.0"
            },
            "type": "library",
            "autoload": {
                "psr-4": {
                    "Ahc\\Cli\\": "src/"
                }
            },
            "notification-url": "https://packagist.org/downloads/",
            "license": [
                "MIT"
            ],
            "authors": [
                {
                    "name": "Jitendra Adhikari",
                    "email": "jiten.adhikary@gmail.com"
                }
            ],
            "description": "Command line interface library for PHP",
            "keywords": [
                "argument-parser",
                "argv-parser",
                "cli",
                "cli-action",
                "cli-app",
                "cli-color",
                "cli-option",
                "cli-writer",
                "command",
                "console",
                "console-app",
                "php-cli",
                "php8",
                "stream-input",
                "stream-output"
            ],
            "support": {
                "issues": "https://github.com/adhocore/php-cli/issues",
                "source": "https://github.com/adhocore/php-cli/tree/v1.7.1"
            },
            "funding": [
                {
                    "url": "https://paypal.me/ji10",
                    "type": "custom"
                },
                {
                    "url": "https://github.com/adhocore",
                    "type": "github"
                }
            ],
            "time": "2024-03-28T08:30:12+00:00"
        },
        {
            "name": "bamarni/composer-bin-plugin",
            "version": "1.8.2",
            "source": {
                "type": "git",
                "url": "https://github.com/bamarni/composer-bin-plugin.git",
                "reference": "92fd7b1e6e9cdae19b0d57369d8ad31a37b6a880"
            },
            "dist": {
                "type": "zip",
                "url": "https://api.github.com/repos/bamarni/composer-bin-plugin/zipball/92fd7b1e6e9cdae19b0d57369d8ad31a37b6a880",
                "reference": "92fd7b1e6e9cdae19b0d57369d8ad31a37b6a880",
                "shasum": ""
            },
            "require": {
                "composer-plugin-api": "^2.0",
                "php": "^7.2.5 || ^8.0"
            },
            "require-dev": {
                "composer/composer": "^2.0",
                "ext-json": "*",
                "phpstan/extension-installer": "^1.1",
                "phpstan/phpstan": "^1.8",
                "phpstan/phpstan-phpunit": "^1.1",
                "phpunit/phpunit": "^8.5 || ^9.5",
                "symfony/console": "^2.8.52 || ^3.4.35 || ^4.4 || ^5.0 || ^6.0",
                "symfony/finder": "^2.8.52 || ^3.4.35 || ^4.4 || ^5.0 || ^6.0",
                "symfony/process": "^2.8.52 || ^3.4.35 || ^4.4 || ^5.0 || ^6.0"
            },
            "type": "composer-plugin",
            "extra": {
                "class": "Bamarni\\Composer\\Bin\\BamarniBinPlugin"
            },
            "autoload": {
                "psr-4": {
                    "Bamarni\\Composer\\Bin\\": "src"
                }
            },
            "notification-url": "https://packagist.org/downloads/",
            "license": [
                "MIT"
            ],
            "description": "No conflicts for your bin dependencies",
            "keywords": [
                "composer",
                "conflict",
                "dependency",
                "executable",
                "isolation",
                "tool"
            ],
            "support": {
                "issues": "https://github.com/bamarni/composer-bin-plugin/issues",
                "source": "https://github.com/bamarni/composer-bin-plugin/tree/1.8.2"
            },
            "time": "2022-10-31T08:38:03+00:00"
        },
        {
            "name": "nextcloud/ocp",
            "version": "dev-master",
            "source": {
                "type": "git",
                "url": "https://github.com/nextcloud-deps/ocp.git",
                "reference": "e84a723ae9c0d590e3a4deaba9d4fba54bd66184"
            },
            "dist": {
                "type": "zip",
                "url": "https://api.github.com/repos/nextcloud-deps/ocp/zipball/e84a723ae9c0d590e3a4deaba9d4fba54bd66184",
                "reference": "e84a723ae9c0d590e3a4deaba9d4fba54bd66184",
                "shasum": ""
            },
            "require": {
                "php": "~8.0 || ~8.1 || ~8.2 || ~8.3",
                "psr/clock": "^1.0",
                "psr/container": "^2.0.2",
                "psr/event-dispatcher": "^1.0",
                "psr/log": "^1.1.4"
            },
            "default-branch": true,
            "type": "library",
            "extra": {
                "branch-alias": {
                    "dev-master": "30.0.0-dev"
                }
            },
            "notification-url": "https://packagist.org/downloads/",
            "license": [
                "AGPL-3.0-or-later"
            ],
            "authors": [
                {
                    "name": "Christoph Wurst",
                    "email": "christoph@winzerhof-wurst.at"
                }
            ],
            "description": "Composer package containing Nextcloud's public API (classes, interfaces)",
            "support": {
                "issues": "https://github.com/nextcloud-deps/ocp/issues",
                "source": "https://github.com/nextcloud-deps/ocp/tree/master"
            },
            "time": "2024-05-01T00:36:22+00:00"
        },
        {
            "name": "nextcloud/openapi-extractor",
            "version": "dev-main",
            "source": {
                "type": "git",
                "url": "https://github.com/nextcloud/openapi-extractor.git",
                "reference": "a1e659e88990333946974d7d0caa2594cee14c47"
            },
            "dist": {
                "type": "zip",
                "url": "https://api.github.com/repos/nextcloud/openapi-extractor/zipball/a1e659e88990333946974d7d0caa2594cee14c47",
                "reference": "a1e659e88990333946974d7d0caa2594cee14c47",
                "shasum": ""
            },
            "require": {
                "adhocore/cli": "^1.7",
                "ext-simplexml": "*",
                "nikic/php-parser": "^5.0",
                "php": "^8.2",
                "phpstan/phpdoc-parser": "^1.28"
            },
            "require-dev": {
                "nextcloud/coding-standard": "^1.2"
            },
            "default-branch": true,
            "bin": [
                "generate-spec",
                "merge-specs"
            ],
            "type": "library",
            "autoload": {
                "psr-4": {
                    "OpenAPIExtractor\\": "src"
                }
            },
            "scripts": {
                "lint": [
                    "find . -name \\*.php -not -path './tests/*' -not -path './vendor/*' -not -path './build/*' -print0 | xargs -0 -n1 php -l && php -l generate-spec && php -l merge-specs"
                ],
                "cs:check": [
                    "php-cs-fixer fix --dry-run --diff"
                ],
                "cs:fix": [
                    "php-cs-fixer fix"
                ],
                "test:unit": [
                    "cd tests && ../generate-spec"
                ]
            },
            "support": {
                "source": "https://github.com/nextcloud/openapi-extractor/tree/main",
                "issues": "https://github.com/nextcloud/openapi-extractor/issues"
            },
            "time": "2024-05-03T17:34:46+00:00"
        },
        {
            "name": "nikic/php-parser",
            "version": "v5.0.2",
            "source": {
                "type": "git",
                "url": "https://github.com/nikic/PHP-Parser.git",
                "reference": "139676794dc1e9231bf7bcd123cfc0c99182cb13"
            },
            "dist": {
                "type": "zip",
                "url": "https://api.github.com/repos/nikic/PHP-Parser/zipball/139676794dc1e9231bf7bcd123cfc0c99182cb13",
                "reference": "139676794dc1e9231bf7bcd123cfc0c99182cb13",
                "shasum": ""
            },
            "require": {
                "ext-ctype": "*",
                "ext-json": "*",
                "ext-tokenizer": "*",
                "php": ">=7.4"
            },
            "require-dev": {
                "ircmaxell/php-yacc": "^0.0.7",
                "phpunit/phpunit": "^7.0 || ^8.0 || ^9.0"
            },
            "bin": [
                "bin/php-parse"
            ],
            "type": "library",
            "extra": {
                "branch-alias": {
                    "dev-master": "5.0-dev"
                }
            },
            "autoload": {
                "psr-4": {
                    "PhpParser\\": "lib/PhpParser"
                }
            },
            "notification-url": "https://packagist.org/downloads/",
            "license": [
                "BSD-3-Clause"
            ],
            "authors": [
                {
                    "name": "Nikita Popov"
                }
            ],
            "description": "A PHP parser written in PHP",
            "keywords": [
                "parser",
                "php"
            ],
            "support": {
                "issues": "https://github.com/nikic/PHP-Parser/issues",
                "source": "https://github.com/nikic/PHP-Parser/tree/v5.0.2"
            },
            "time": "2024-03-05T20:51:40+00:00"
        },
        {
            "name": "phpstan/phpdoc-parser",
            "version": "1.28.0",
            "source": {
                "type": "git",
                "url": "https://github.com/phpstan/phpdoc-parser.git",
                "reference": "cd06d6b1a1b3c75b0b83f97577869fd85a3cd4fb"
            },
            "dist": {
                "type": "zip",
                "url": "https://api.github.com/repos/phpstan/phpdoc-parser/zipball/cd06d6b1a1b3c75b0b83f97577869fd85a3cd4fb",
                "reference": "cd06d6b1a1b3c75b0b83f97577869fd85a3cd4fb",
                "shasum": ""
            },
            "require": {
                "php": "^7.2 || ^8.0"
            },
            "require-dev": {
                "doctrine/annotations": "^2.0",
                "nikic/php-parser": "^4.15",
                "php-parallel-lint/php-parallel-lint": "^1.2",
                "phpstan/extension-installer": "^1.0",
                "phpstan/phpstan": "^1.5",
                "phpstan/phpstan-phpunit": "^1.1",
                "phpstan/phpstan-strict-rules": "^1.0",
                "phpunit/phpunit": "^9.5",
                "symfony/process": "^5.2"
            },
            "type": "library",
            "autoload": {
                "psr-4": {
                    "PHPStan\\PhpDocParser\\": [
                        "src/"
                    ]
                }
            },
            "notification-url": "https://packagist.org/downloads/",
            "license": [
                "MIT"
            ],
            "description": "PHPDoc parser with support for nullable, intersection and generic types",
            "support": {
                "issues": "https://github.com/phpstan/phpdoc-parser/issues",
                "source": "https://github.com/phpstan/phpdoc-parser/tree/1.28.0"
            },
            "time": "2024-04-03T18:51:33+00:00"
        },
        {
            "name": "psr/clock",
            "version": "1.0.0",
            "source": {
                "type": "git",
                "url": "https://github.com/php-fig/clock.git",
                "reference": "e41a24703d4560fd0acb709162f73b8adfc3aa0d"
            },
            "dist": {
                "type": "zip",
                "url": "https://api.github.com/repos/php-fig/clock/zipball/e41a24703d4560fd0acb709162f73b8adfc3aa0d",
                "reference": "e41a24703d4560fd0acb709162f73b8adfc3aa0d",
                "shasum": ""
            },
            "require": {
                "php": "^7.0 || ^8.0"
            },
            "type": "library",
            "autoload": {
                "psr-4": {
                    "Psr\\Clock\\": "src/"
                }
            },
            "notification-url": "https://packagist.org/downloads/",
            "license": [
                "MIT"
            ],
            "authors": [
                {
                    "name": "PHP-FIG",
                    "homepage": "https://www.php-fig.org/"
                }
            ],
            "description": "Common interface for reading the clock.",
            "homepage": "https://github.com/php-fig/clock",
            "keywords": [
                "clock",
                "now",
                "psr",
                "psr-20",
                "time"
            ],
            "support": {
                "issues": "https://github.com/php-fig/clock/issues",
                "source": "https://github.com/php-fig/clock/tree/1.0.0"
            },
            "time": "2022-11-25T14:36:26+00:00"
        },
        {
            "name": "psr/container",
            "version": "2.0.2",
            "source": {
                "type": "git",
                "url": "https://github.com/php-fig/container.git",
                "reference": "c71ecc56dfe541dbd90c5360474fbc405f8d5963"
            },
            "dist": {
                "type": "zip",
                "url": "https://api.github.com/repos/php-fig/container/zipball/c71ecc56dfe541dbd90c5360474fbc405f8d5963",
                "reference": "c71ecc56dfe541dbd90c5360474fbc405f8d5963",
                "shasum": ""
            },
            "require": {
                "php": ">=7.4.0"
            },
            "type": "library",
            "extra": {
                "branch-alias": {
                    "dev-master": "2.0.x-dev"
                }
            },
            "autoload": {
                "psr-4": {
                    "Psr\\Container\\": "src/"
                }
            },
            "notification-url": "https://packagist.org/downloads/",
            "license": [
                "MIT"
            ],
            "authors": [
                {
                    "name": "PHP-FIG",
                    "homepage": "https://www.php-fig.org/"
                }
            ],
            "description": "Common Container Interface (PHP FIG PSR-11)",
            "homepage": "https://github.com/php-fig/container",
            "keywords": [
                "PSR-11",
                "container",
                "container-interface",
                "container-interop",
                "psr"
            ],
            "support": {
                "issues": "https://github.com/php-fig/container/issues",
                "source": "https://github.com/php-fig/container/tree/2.0.2"
            },
            "time": "2021-11-05T16:47:00+00:00"
        },
        {
            "name": "psr/event-dispatcher",
            "version": "1.0.0",
            "source": {
                "type": "git",
                "url": "https://github.com/php-fig/event-dispatcher.git",
                "reference": "dbefd12671e8a14ec7f180cab83036ed26714bb0"
            },
            "dist": {
                "type": "zip",
                "url": "https://api.github.com/repos/php-fig/event-dispatcher/zipball/dbefd12671e8a14ec7f180cab83036ed26714bb0",
                "reference": "dbefd12671e8a14ec7f180cab83036ed26714bb0",
                "shasum": ""
            },
            "require": {
                "php": ">=7.2.0"
            },
            "type": "library",
            "extra": {
                "branch-alias": {
                    "dev-master": "1.0.x-dev"
                }
            },
            "autoload": {
                "psr-4": {
                    "Psr\\EventDispatcher\\": "src/"
                }
            },
            "notification-url": "https://packagist.org/downloads/",
            "license": [
                "MIT"
            ],
            "authors": [
                {
                    "name": "PHP-FIG",
                    "homepage": "http://www.php-fig.org/"
                }
            ],
            "description": "Standard interfaces for event handling.",
            "keywords": [
                "events",
                "psr",
                "psr-14"
            ],
            "support": {
                "issues": "https://github.com/php-fig/event-dispatcher/issues",
                "source": "https://github.com/php-fig/event-dispatcher/tree/1.0.0"
            },
            "time": "2019-01-08T18:20:26+00:00"
        },
        {
            "name": "psr/log",
            "version": "1.1.4",
            "source": {
                "type": "git",
                "url": "https://github.com/php-fig/log.git",
                "reference": "d49695b909c3b7628b6289db5479a1c204601f11"
            },
            "dist": {
                "type": "zip",
                "url": "https://api.github.com/repos/php-fig/log/zipball/d49695b909c3b7628b6289db5479a1c204601f11",
                "reference": "d49695b909c3b7628b6289db5479a1c204601f11",
                "shasum": ""
            },
            "require": {
                "php": ">=5.3.0"
            },
            "type": "library",
            "extra": {
                "branch-alias": {
                    "dev-master": "1.1.x-dev"
                }
            },
            "autoload": {
                "psr-4": {
                    "Psr\\Log\\": "Psr/Log/"
                }
            },
            "notification-url": "https://packagist.org/downloads/",
            "license": [
                "MIT"
            ],
            "authors": [
                {
                    "name": "PHP-FIG",
                    "homepage": "https://www.php-fig.org/"
                }
            ],
            "description": "Common interface for logging libraries",
            "homepage": "https://github.com/php-fig/log",
            "keywords": [
                "log",
                "psr",
                "psr-3"
            ],
            "support": {
                "source": "https://github.com/php-fig/log/tree/1.1.4"
            },
            "time": "2021-05-03T11:20:27+00:00"
        }
    ],
    "aliases": [],
    "minimum-stability": "stable",
    "stability-flags": {
        "nextcloud/ocp": 20,
        "nextcloud/openapi-extractor": 20
    },
    "prefer-stable": false,
    "prefer-lowest": false,
    "platform": {
        "ext-openssl": "*",
        "ext-json": "*"
    },
    "platform-dev": [],
    "platform-overrides": {
        "php": "8.2"
    },
    "plugin-api-version": "2.2.0"
}
