{
  "name": "nc-secrets",
  "lockfileVersion": 3,
  "requires": true,
  "packages": {
    "": {
      "name": "nc-secrets",
      "devDependencies": {
        "bun-types": "latest"
      },
      "peerDependencies": {
        "typescript": "^5.0.0"
      }
    },
    "node_modules/bun-types": {
      "version": "1.0.9",
      "resolved": "https://registry.npmjs.org/bun-types/-/bun-types-1.0.9.tgz",
      "integrity": "sha512-9zWU5b/D41v4h5YgQxMW7aUvwYqMhU7WRjhPMN73XE6MNl5mvZ5vgAEWV8Lisdd4JgDSdWk2t9oY6kYqeDhQSA==",
      "dev": true
    },
    "node_modules/typescript": {
      "version": "5.2.2",
      "resolved": "https://registry.npmjs.org/typescript/-/typescript-5.2.2.tgz",
      "integrity": "sha512-mI4WrpHsbCIcwT9cF4FZvr80QUeKvsUsUvKDoR+X/7XHQH98xYD8YHZg7ANtz2GtZt/CBq2QJ0thkGJMHfqc1w==",
      "peer": true,
      "bin": {
        "tsc": "bin/tsc",
        "tsserver": "bin/tsserver"
      },
      "engines": {
        "node": ">=14.17"
      }
    }
  }
}
